<?xml version="1.0" encoding="utf-8"?>
<Project ToolsVersion="4.0" xmlns="http://schemas.microsoft.com/developer/msbuild/2003">
  <ItemGroup>
    <Filter Include="Source Files">
      <UniqueIdentifier>{4FC737F1-C7A5-4376-A066-2A32D752A2FF}</UniqueIdentifier>
      <Extensions>cpp;c;cc;cxx;def;odl;idl;hpj;bat;asm;asmx</Extensions>
    </Filter>
    <Filter Include="Header Files">
      <UniqueIdentifier>{93995380-89BD-4b04-88EB-625FBE52EBFB}</UniqueIdentifier>
      <Extensions>h;hpp;hxx;hm;inl;inc;xsd</Extensions>
    </Filter>
    <Filter Include="Resource Files">
      <UniqueIdentifier>{67DA6AB6-F800-4c08-8B7A-83BB121AAD01}</UniqueIdentifier>
      <Extensions>rc;ico;cur;bmp;dlg;rc2;rct;bin;rgs;gif;jpg;jpeg;jpe;resx;tiff;tif;png;wav</Extensions>
    </Filter>
  </ItemGroup>
  <ItemGroup>
    <ClCompile Include="ArgumentMapLayouter.cpp">
      <Filter>Source Files</Filter>
    </ClCompile>
    <ClCompile Include="BetterHeuristicLayouter.cpp">
      <Filter>Source Files</Filter>
    </ClCompile>
    <ClCompile Include="Config.cpp">
      <Filter>Source Files</Filter>
    </ClCompile>
    <ClCompile Include="EdgeLengthCompacter.cpp">
      <Filter>Source Files</Filter>
    </ClCompile>
    <ClCompile Include="FUPSSourceSink.cpp">
      <Filter>Source Files</Filter>
    </ClCompile>
    <ClCompile Include="HorizontalEdgeLengthCompacter.cpp">
      <Filter>Source Files</Filter>
    </ClCompile>
    <ClCompile Include="main.cpp">
      <Filter>Source Files</Filter>
    </ClCompile>
    <ClCompile Include="OutputUpwardEdgeInserter.cpp">
      <Filter>Source Files</Filter>
    </ClCompile>
    <ClCompile Include="PseudoUPRFourBendLayouter.cpp">
      <Filter>Source Files</Filter>
    </ClCompile>
    <ClCompile Include="SpacingConstants.cpp">
      <Filter>Source Files</Filter>
    </ClCompile>
    <ClCompile Include="StopWatch.cpp">
      <Filter>Source Files</Filter>
    </ClCompile>
    <ClCompile Include="UPRFourBendLayouter.cpp">
      <Filter>Source Files</Filter>
    </ClCompile>
    <ClCompile Include="UPRSupplier.cpp">
      <Filter>Source Files</Filter>
    </ClCompile>
    <ClCompile Include="Utils.cpp">
      <Filter>Source Files</Filter>
    </ClCompile>
    <ClCompile Include="VerticalEdgeLengthCompacter.cpp">
      <Filter>Source Files</Filter>
    </ClCompile>
  </ItemGroup>
  <ItemGroup>
    <ClInclude Include="ArgumentMapLayouter.h">
      <Filter>Header Files</Filter>
    </ClInclude>
    <ClInclude Include="BetterHeuristicLayouter.h">
      <Filter>Header Files</Filter>
    </ClInclude>
    <ClInclude Include="Config.h">
      <Filter>Header Files</Filter>
    </ClInclude>
    <ClInclude Include="EdgeColumnsComparator.h">
      <Filter>Header Files</Filter>
    </ClInclude>
    <ClInclude Include="EdgeCoordinates.h">
      <Filter>Header Files</Filter>
    </ClInclude>
    <ClInclude Include="EdgeLengthCompacter.h">
      <Filter>Header Files</Filter>
    </ClInclude>
    <ClInclude Include="EdgeOrderSupplier.h">
      <Filter>Header Files</Filter>
    </ClInclude>
    <ClInclude Include="FUPSSourceSink.h">
      <Filter>Header Files</Filter>
    </ClInclude>
    <ClInclude Include="HorizontalEdgeLengthCompacter.h">
      <Filter>Header Files</Filter>
    </ClInclude>
    <ClInclude Include="NodeCoordinates.h">
      <Filter>Header Files</Filter>
    </ClInclude>
    <ClInclude Include="NodeOrderSupplier.h">
      <Filter>Header Files</Filter>
    </ClInclude>
    <ClInclude Include="OutputUpwardEdgeInserter.h">
      <Filter>Header Files</Filter>
    </ClInclude>
    <ClInclude Include="PseudoUPRFourBendLayouter.h">
      <Filter>Header Files</Filter>
    </ClInclude>
    <ClInclude Include="SpacingConstants.h">
      <Filter>Header Files</Filter>
    </ClInclude>
    <ClInclude Include="StopWatch.h">
      <Filter>Header Files</Filter>
    </ClInclude>
    <ClInclude Include="StopWatchUtils.h">
      <Filter>Header Files</Filter>
    </ClInclude>
    <ClInclude Include="UPRFourBendLayouter.h">
      <Filter>Header Files</Filter>
    </ClInclude>
    <ClInclude Include="UPRLayouter.h">
      <Filter>Header Files</Filter>
    </ClInclude>
    <ClInclude Include="UPRSupplier.h">
      <Filter>Header Files</Filter>
    </ClInclude>
    <ClInclude Include="Utils.h">
      <Filter>Header Files</Filter>
    </ClInclude>
    <ClInclude Include="VerticalEdgeLengthCompacter.h">
      <Filter>Header Files</Filter>
    </ClInclude>
  </ItemGroup>
</Project>